{
	"name": "@grown/schema",
	"version": "0.1.0-alpha.87b9c10b",
	"lockfileVersion": 1,
	"requires": true,
	"dependencies": {
		"argparse": {
			"version": "1.0.10",
			"resolved": "https://registry.npmjs.org/argparse/-/argparse-1.0.10.tgz",
			"integrity": "sha512-o5Roy6tNG4SL/FOkCAN6RzjiakZS25RLYFrcMttJqbdd8BWrnA+fGz57iN5Pb06pvBGvl5gQ0B48dJlslXvoTg==",
			"requires": {
				"sprintf-js": "1.0.3"
			}
		},
		"call-me-maybe": {
			"version": "1.0.1",
			"resolved": "https://registry.npmjs.org/call-me-maybe/-/call-me-maybe-1.0.1.tgz",
			"integrity": "sha1-JtII6onje1y95gJQoV8DHBak1ms="
		},
		"debug": {
			"version": "3.1.0",
			"resolved": "https://registry.npmjs.org/debug/-/debug-3.1.0.tgz",
			"integrity": "sha512-OX8XqP7/1a9cqkxYw2yXss15f26NKWBpDXQd0/uK/KPqdQhxbPa994hnzjcE2VqQpDslf55723cKPUOGSmMY3g==",
			"requires": {
				"ms": "2.0.0"
			}
		},
		"deep-extend": {
			"version": "0.5.0",
			"resolved": "https://registry.npmjs.org/deep-extend/-/deep-extend-0.5.0.tgz",
			"integrity": "sha1-bvSgmwX5iw41jW2T1Mo8rsZnKAM="
		},
		"deref": {
			"version": "0.7.3",
			"resolved": "https://registry.npmjs.org/deref/-/deref-0.7.3.tgz",
			"integrity": "sha512-9ROdWS8nWgz/uJxYWIDZyEAP+oANSl/pNQO27GFJWptVVocqBQ95iKmcboxjvjPQ0rn3IpJcA450hIJpznzVLg==",
			"requires": {
				"deep-extend": "0.5.0"
			}
		},
		"drange": {
			"version": "1.0.0",
			"resolved": "https://registry.npmjs.org/drange/-/drange-1.0.0.tgz",
			"integrity": "sha512-G3nVX4X4um76RWKzA+OMovFQdjU4rfEsC1NsDNQXgMvtZ14btchzckaOiXSHHvJAttqEXr4uG5g9EJEoidinQg=="
		},
		"esprima": {
			"version": "4.0.0",
			"resolved": "https://registry.npmjs.org/esprima/-/esprima-4.0.0.tgz",
			"integrity": "sha512-oftTcaMu/EGrEIu904mWteKIv8vMuOgGYo7EhVJJN00R/EED9DCua/xxHRdYnKtcECzVg7xOWhflvJMnqcFZjw=="
		},
		"format-util": {
			"version": "1.0.3",
			"resolved": "https://registry.npmjs.org/format-util/-/format-util-1.0.3.tgz",
			"integrity": "sha1-Ay3KShFiYqEsQ/TD7IVmQWxbLZU="
		},
		"generate-function": {
			"version": "2.0.0",
			"resolved": "https://registry.npmjs.org/generate-function/-/generate-function-2.0.0.tgz",
			"integrity": "sha1-aFj+fAlpt9TpCTM3ZHrHn2DfvnQ="
		},
		"generate-object-property": {
			"version": "1.2.0",
			"resolved": "https://registry.npmjs.org/generate-object-property/-/generate-object-property-1.2.0.tgz",
			"integrity": "sha1-nA4cQDCM6AT0eDYYuTf6iPmdUNA=",
			"requires": {
				"is-property": "1.0.2"
			}
		},
		"is-my-ip-valid": {
			"version": "1.0.0",
			"resolved": "https://registry.npmjs.org/is-my-ip-valid/-/is-my-ip-valid-1.0.0.tgz",
			"integrity": "sha512-gmh/eWXROncUzRnIa1Ubrt5b8ep/MGSnfAUI3aRp+sqTCs1tv1Isl8d8F6JmkN3dXKc3ehZMrtiPN9eL03NuaQ=="
		},
		"is-my-json-valid": {
			"version": "2.17.2",
			"resolved": "https://registry.npmjs.org/is-my-json-valid/-/is-my-json-valid-2.17.2.tgz",
			"integrity": "sha512-IBhBslgngMQN8DDSppmgDv7RNrlFotuuDsKcrCP3+HbFaVivIBU7u9oiiErw8sH4ynx3+gOGQ3q2otkgiSi6kg==",
			"requires": {
				"generate-function": "2.0.0",
				"generate-object-property": "1.2.0",
				"is-my-ip-valid": "1.0.0",
				"jsonpointer": "4.0.1",
				"xtend": "4.0.1"
			}
		},
		"is-property": {
			"version": "1.0.2",
			"resolved": "https://registry.npmjs.org/is-property/-/is-property-1.0.2.tgz",
			"integrity": "sha1-V/4cTkhHTt1lsJkR8msc1Ald2oQ="
		},
		"js-yaml": {
			"version": "3.10.0",
			"resolved": "https://registry.npmjs.org/js-yaml/-/js-yaml-3.10.0.tgz",
			"integrity": "sha512-O2v52ffjLa9VeM43J4XocZE//WT9N0IiwDa3KSHH7Tu8CtH+1qM8SIZvnsTh6v+4yFy5KUY3BHUVwjpfAWsjIA==",
			"requires": {
				"argparse": "1.0.10",
				"esprima": "4.0.0"
			}
		},
		"json-schema-faker": {
			"version": "0.5.0-rc12",
			"resolved": "https://registry.npmjs.org/json-schema-faker/-/json-schema-faker-0.5.0-rc12.tgz",
			"integrity": "sha512-S6cuAZRKARMxBIzuysHR8yqLq8eVJWoN3CLwmsLRwIQx80RBRsXPgVLvJdvcqgslrq8uzwmQ9taBGKnePKJl2w==",
			"requires": {
				"deref": "0.7.3",
				"json-schema-ref-parser": "4.1.0",
				"jsonpath-plus": "0.16.0",
				"randexp": "0.4.8",
				"tslib": "1.9.0"
			}
		},
		"json-schema-ref-parser": {
			"version": "4.1.0",
			"resolved": "https://registry.npmjs.org/json-schema-ref-parser/-/json-schema-ref-parser-4.1.0.tgz",
			"integrity": "sha512-xiTwbw9Bl9HLEKjFSUfTJmdMSTBaGvV/qjbEMzM5Db3rEBIMWgz/pFtzxZxeuc+s3gYkInUCMZl/8qc1bRPHkQ==",
			"requires": {
				"call-me-maybe": "1.0.1",
				"debug": "3.1.0",
				"js-yaml": "3.10.0",
				"ono": "4.0.3"
			}
		},
		"jsonpath-plus": {
			"version": "0.16.0",
			"resolved": "https://registry.npmjs.org/jsonpath-plus/-/jsonpath-plus-0.16.0.tgz",
			"integrity": "sha1-/kQbI/A+xpeaVgNROYjNPtt9tdw="
		},
		"jsonpointer": {
			"version": "4.0.1",
			"resolved": "https://registry.npmjs.org/jsonpointer/-/jsonpointer-4.0.1.tgz",
			"integrity": "sha1-T9kss04OnbPInIYi7PUfm5eMbLk="
		},
		"ms": {
			"version": "2.0.0",
			"resolved": "https://registry.npmjs.org/ms/-/ms-2.0.0.tgz",
			"integrity": "sha1-VgiurfwAvmwpAd9fmGF4jeDVl8g="
		},
		"ono": {
			"version": "4.0.3",
			"resolved": "https://registry.npmjs.org/ono/-/ono-4.0.3.tgz",
			"integrity": "sha512-7QIxG4UB00H7CR7fhXC/U7VhB5DK9wsYLwaYBui1JmQoXtLkhIBn3fbuk6FgAP+ctWeBsWVTM+R/bThvUZN+ww==",
			"requires": {
				"format-util": "1.0.3"
			}
		},
		"randexp": {
			"version": "0.4.8",
			"resolved": "https://registry.npmjs.org/randexp/-/randexp-0.4.8.tgz",
			"integrity": "sha512-COhNxfv+1mPP8p7McJiULikEeXL4E8Kc2tllQl6kN3RUprdwAuL9V2UM0cpBiNUkQdMNwplyIRS/sPZraECDoA==",
			"requires": {
				"drange": "1.0.0",
				"ret": "0.2.1"
			}
		},
		"ret": {
			"version": "0.2.1",
			"resolved": "https://registry.npmjs.org/ret/-/ret-0.2.1.tgz",
			"integrity": "sha1-kA3aQAtiINjUKfTvhVdxDlRIJc4="
		},
		"sprintf-js": {
			"version": "1.0.3",
			"resolved": "https://registry.npmjs.org/sprintf-js/-/sprintf-js-1.0.3.tgz",
			"integrity": "sha1-BOaSb2YolTVPPdAVIDYzuFcpfiw="
		},
		"tslib": {
			"version": "1.9.0",
			"resolved": "https://registry.npmjs.org/tslib/-/tslib-1.9.0.tgz",
			"integrity": "sha512-f/qGG2tUkrISBlQZEjEqoZ3B2+npJjIf04H1wuAv9iA8i04Icp+61KRXxFdha22670NJopsZCIjhC3SnjPRKrQ=="
		},
		"xtend": {
			"version": "4.0.1",
			"resolved": "https://registry.npmjs.org/xtend/-/xtend-4.0.1.tgz",
			"integrity": "sha1-pcbVMr5lbiPbgg77lDofBJmNY68="
		}
	}
}
