{
	"name": "@grown/schema",
	"version": "0.0.4",
	"lockfileVersion": 1,
	"requires": true,
	"dependencies": {
		"ajv": {
			"version": "6.10.2",
			"resolved": "https://registry.npmjs.org/ajv/-/ajv-6.10.2.tgz",
			"integrity": "sha512-TXtUUEYHuaTEbLZWIKUr5pmBuhDLy+8KYtPYdcV8qC+pOZL+NKqYwvWSRrVXHn+ZmRRAu8vJTAznH7Oag6RVRw==",
			"requires": {
				"fast-deep-equal": "^2.0.1",
				"fast-json-stable-stringify": "^2.0.0",
				"json-schema-traverse": "^0.4.1",
				"uri-js": "^4.2.2"
			}
		},
		"argparse": {
			"version": "1.0.10",
			"resolved": "https://registry.npmjs.org/argparse/-/argparse-1.0.10.tgz",
			"integrity": "sha512-o5Roy6tNG4SL/FOkCAN6RzjiakZS25RLYFrcMttJqbdd8BWrnA+fGz57iN5Pb06pvBGvl5gQ0B48dJlslXvoTg==",
			"requires": {
				"sprintf-js": "~1.0.2"
			}
		},
		"call-me-maybe": {
			"version": "1.0.1",
			"resolved": "https://registry.npmjs.org/call-me-maybe/-/call-me-maybe-1.0.1.tgz",
			"integrity": "sha1-JtII6onje1y95gJQoV8DHBak1ms="
		},
		"drange": {
			"version": "1.1.1",
			"resolved": "https://registry.npmjs.org/drange/-/drange-1.1.1.tgz",
			"integrity": "sha512-pYxfDYpued//QpnLIm4Avk7rsNtAtQkUES2cwAYSvD/wd2pKD71gN2Ebj3e7klzXwjocvE8c5vx/1fxwpqmSxA=="
		},
		"esprima": {
			"version": "4.0.1",
			"resolved": "https://registry.npmjs.org/esprima/-/esprima-4.0.1.tgz",
			"integrity": "sha512-eGuFFw7Upda+g4p+QHvnW0RyTX/SVeJBDM/gCtMARO0cLuT2HcEKnTPvhjV6aGeqrCB/sbNop0Kszm0jsaWU4A=="
		},
		"fast-deep-equal": {
			"version": "2.0.1",
			"resolved": "https://registry.npmjs.org/fast-deep-equal/-/fast-deep-equal-2.0.1.tgz",
			"integrity": "sha1-ewUhjd+WZ79/Nwv3/bLLFf3Qqkk="
		},
		"fast-json-stable-stringify": {
			"version": "2.0.0",
			"resolved": "https://registry.npmjs.org/fast-json-stable-stringify/-/fast-json-stable-stringify-2.0.0.tgz",
			"integrity": "sha1-1RQsDK7msRifh9OnYREGT4bIu/I="
		},
		"format-util": {
			"version": "1.0.3",
			"resolved": "https://registry.npmjs.org/format-util/-/format-util-1.0.3.tgz",
			"integrity": "sha1-Ay3KShFiYqEsQ/TD7IVmQWxbLZU="
		},
		"js-yaml": {
			"version": "3.13.1",
			"resolved": "https://registry.npmjs.org/js-yaml/-/js-yaml-3.13.1.tgz",
			"integrity": "sha512-YfbcO7jXDdyj0DGxYVSlSeQNHbD7XPWvrVWeVUujrQEoZzWJIRrCPoyk6kL6IAjAG2IolMK4T0hNUe0HOUs5Jw==",
			"requires": {
				"argparse": "^1.0.7",
				"esprima": "^4.0.0"
			}
		},
		"json-schema-faker": {
			"version": "0.5.0-rc19",
			"resolved": "https://registry.npmjs.org/json-schema-faker/-/json-schema-faker-0.5.0-rc19.tgz",
			"integrity": "sha512-yJLDodgoc/BOONGFmyuKoj3bSRXZ55FWIp1WjN0yC76kfoIz+lI5ttjUtU8NxgNULGFppJzpUM0ydyAWH3qp7A==",
			"requires": {
				"json-schema-ref-parser": "^6.1.0",
				"jsonpath-plus": "^1.0.0",
				"randexp": "^0.5.3"
			}
		},
		"json-schema-ref-parser": {
			"version": "6.1.0",
			"resolved": "https://registry.npmjs.org/json-schema-ref-parser/-/json-schema-ref-parser-6.1.0.tgz",
			"integrity": "sha512-pXe9H1m6IgIpXmE5JSb8epilNTGsmTb2iPohAXpOdhqGFbQjNeHHsZxU+C8w6T81GZxSPFLeUoqDJmzxx5IGuw==",
			"requires": {
				"call-me-maybe": "^1.0.1",
				"js-yaml": "^3.12.1",
				"ono": "^4.0.11"
			}
		},
		"json-schema-traverse": {
			"version": "0.4.1",
			"resolved": "https://registry.npmjs.org/json-schema-traverse/-/json-schema-traverse-0.4.1.tgz",
			"integrity": "sha512-xbbCH5dCYU5T8LcEhhuh7HJ88HXuW3qsI3Y0zOZFKfZEHcpWiHU/Jxzk629Brsab/mMiHQti9wMP+845RPe3Vg=="
		},
		"jsonpath-plus": {
			"version": "1.1.0",
			"resolved": "https://registry.npmjs.org/jsonpath-plus/-/jsonpath-plus-1.1.0.tgz",
			"integrity": "sha512-ydqTBOuLcFCUr9e7AxJlKCFgxzEQ03HjnIim0hJSdk2NxD8MOsaMOrRgP6XWEm5q3VuDY5+cRT1DM9vLlGo/qA=="
		},
		"ono": {
			"version": "4.0.11",
			"resolved": "https://registry.npmjs.org/ono/-/ono-4.0.11.tgz",
			"integrity": "sha512-jQ31cORBFE6td25deYeD80wxKBMj+zBmHTrVxnc6CKhx8gho6ipmWM5zj/oeoqioZ99yqBls9Z/9Nss7J26G2g==",
			"requires": {
				"format-util": "^1.0.3"
			}
		},
		"punycode": {
			"version": "2.1.1",
			"resolved": "https://registry.npmjs.org/punycode/-/punycode-2.1.1.tgz",
			"integrity": "sha512-XRsRjdf+j5ml+y/6GKHPZbrF/8p2Yga0JPtdqTIY2Xe5ohJPD9saDJJLPvp9+NSBprVvevdXZybnj2cv8OEd0A=="
		},
		"randexp": {
			"version": "0.5.3",
			"resolved": "https://registry.npmjs.org/randexp/-/randexp-0.5.3.tgz",
			"integrity": "sha512-U+5l2KrcMNOUPYvazA3h5ekF80FHTUG+87SEAmHZmolh1M+i/WyTCxVzmi+tidIa1tM4BSe8g2Y/D3loWDjj+w==",
			"requires": {
				"drange": "^1.0.2",
				"ret": "^0.2.0"
			}
		},
		"ret": {
			"version": "0.2.2",
			"resolved": "https://registry.npmjs.org/ret/-/ret-0.2.2.tgz",
			"integrity": "sha512-M0b3YWQs7R3Z917WRQy1HHA7Ba7D8hvZg6UE5mLykJxQVE2ju0IXbGlaHPPlkY+WN7wFP+wUMXmBFA0aV6vYGQ=="
		},
		"sprintf-js": {
			"version": "1.0.3",
			"resolved": "https://registry.npmjs.org/sprintf-js/-/sprintf-js-1.0.3.tgz",
			"integrity": "sha1-BOaSb2YolTVPPdAVIDYzuFcpfiw="
		},
		"uri-js": {
			"version": "4.2.2",
			"resolved": "https://registry.npmjs.org/uri-js/-/uri-js-4.2.2.tgz",
			"integrity": "sha512-KY9Frmirql91X2Qgjry0Wd4Y+YTdrdZheS8TFwvkbLWf/G5KNJDCh6pKL5OZctEW4+0Baa5idK2ZQuELRwPznQ==",
			"requires": {
				"punycode": "^2.1.0"
			}
		}
	}
}
