{
  "name": "@grown/base",
  "version": "0.1.0-alpha.87b9c10b",
  "lockfileVersion": 1,
  "requires": true,
  "dependencies": {
    "getopts": {
      "version": "2.0.0",
      "resolved": "https://registry.npmjs.org/getopts/-/getopts-2.0.0.tgz",
      "integrity": "sha512-mFGXdaF3lC1HVTQ/v9ndEnK14bdog30H1+743D5GZee8mUZTEMs04fXTvOnMwdpbSO9+/SCt5tMcgIj4qqP1ag=="
    },
    "wargs": {
      "version": "0.8.0",
      "resolved": "https://registry.npmjs.org/wargs/-/wargs-0.8.0.tgz",
      "integrity": "sha512-T94PaLYC+PJjY3DeCqDug/FUrCwQRXRAc7ED2oX4KBfUSOY4m8fUuo0kuK66QGbZhUbhYR734eQP1iqyfwcxKg==",
      "requires": {
        "getopts": "2.0.0"
      }
    }
  }
}
