{
  "name": "@grown/cli",
  "version": "0.0.18",
  "lockfileVersion": 1,
  "requires": true,
  "dependencies": {
    "@grown/bud": {
      "version": "0.0.13",
      "resolved": "https://registry.npmjs.org/@grown/bud/-/bud-0.0.13.tgz",
      "integrity": "sha512-i6YrHvA1mTGtTxe5sHcVVIxn/xEh5HZVG922mkJjCew2GTCOmk3erJE+6nvRiK+7ujAeB2HMZqqMQR44gjMnKw==",
      "requires": {
        "clean-stack": "^2.0.0",
        "debug": "^4.1.0",
        "dotenv": "^6.2.0",
        "global-or-local": "^0.1.1",
        "object-new": "^0.4.0",
        "sastre": "^0.2.0",
        "source-map-support": "^0.5.3",
        "wargs": "^0.8.1"
      }
    },
    "@grown/logger": {
      "version": "0.0.6",
      "resolved": "https://registry.npmjs.org/@grown/logger/-/logger-0.0.6.tgz",
      "integrity": "sha512-WP1uI6nn/KgYi7C1sGEAV23JW+gw6YHxxewaDBJ+GY/WbsIc+IU8/kWU45C4Dqfqj68/Gpt2X3kX+WUGx3baZQ==",
      "requires": {
        "debug": "^3.1.0",
        "log-pose": "^0.3.2"
      },
      "dependencies": {
        "debug": {
          "version": "3.2.6",
          "resolved": "https://registry.npmjs.org/debug/-/debug-3.2.6.tgz",
          "integrity": "sha512-mel+jf7nrtEl5Pn1Qx46zARXKDpBbvzezse7p7LqINmdoIk8PYP5SySaxEmYv6TZ0JyEKA1hsCId6DIhgITtWQ==",
          "requires": {
            "ms": "^2.1.1"
          }
        }
      }
    },
    "@grown/repl": {
      "version": "0.0.4",
      "resolved": "https://registry.npmjs.org/@grown/repl/-/repl-0.0.4.tgz",
      "integrity": "sha512-Rm5g8G7Hi0tq2su0CwRzunH4rAlC5Dj4t4S76S8Rq9tTrqi7ayoVVhtKRzv+FCv8nFqr3ixuCTunEVPSv0xcRw==",
      "requires": {
        "log-pose": "^0.3.2",
        "wargs": "^0.8.1"
      }
    },
    "ansi-styles": {
      "version": "3.2.1",
      "resolved": "https://registry.npmjs.org/ansi-styles/-/ansi-styles-3.2.1.tgz",
      "integrity": "sha512-VT0ZI6kZRdTh8YyJw3SMbYm/u+NqfsAxEpWO0Pf9sq8/e94WxxOpPKx9FR1FlyCtOVDNOQ+8ntlqFxiRc+r5qA==",
      "requires": {
        "color-convert": "^1.9.0"
      }
    },
    "balanced-match": {
      "version": "1.0.0",
      "resolved": "https://registry.npmjs.org/balanced-match/-/balanced-match-1.0.0.tgz",
      "integrity": "sha1-ibTRmasr7kneFk6gK4nORi1xt2c="
    },
    "brace-expansion": {
      "version": "1.1.11",
      "resolved": "https://registry.npmjs.org/brace-expansion/-/brace-expansion-1.1.11.tgz",
      "integrity": "sha512-iCuPHDFgrHX7H2vEI/5xpz07zSHB00TpugqhmYtVmMO6518mCuRMoOYFldEBl0g187ufozdaHgWKcYFb61qGiA==",
      "requires": {
        "balanced-match": "^1.0.0",
        "concat-map": "0.0.1"
      }
    },
    "buffer-from": {
      "version": "1.1.1",
      "resolved": "https://registry.npmjs.org/buffer-from/-/buffer-from-1.1.1.tgz",
      "integrity": "sha512-MQcXEUbCKtEo7bhqEs6560Hyd4XaovZlO/k9V3hjVUF/zwW7KBVdSK4gIt/bzwS9MbR5qob+F5jusZsb0YQK2A=="
    },
    "chalk": {
      "version": "2.4.2",
      "resolved": "https://registry.npmjs.org/chalk/-/chalk-2.4.2.tgz",
      "integrity": "sha512-Mti+f9lpJNcwF4tWV8/OrTTtF1gZi+f8FqlyAdouralcFWFQWF2+NgCHShjkCb+IFBLq9buZwE1xckQU4peSuQ==",
      "requires": {
        "ansi-styles": "^3.2.1",
        "escape-string-regexp": "^1.0.5",
        "supports-color": "^5.3.0"
      }
    },
    "clean-stack": {
      "version": "2.0.0",
      "resolved": "https://registry.npmjs.org/clean-stack/-/clean-stack-2.0.0.tgz",
      "integrity": "sha512-VEoL9Qh7I8s8iHnV53DaeWSt8NJ0g3khMfK6NiCPB7H657juhro+cSw2O88uo3bo0c0X5usamtXk0/Of0wXa5A=="
    },
    "cli-width": {
      "version": "2.2.0",
      "resolved": "https://registry.npmjs.org/cli-width/-/cli-width-2.2.0.tgz",
      "integrity": "sha1-/xnt6Kml5XkyQUewwR8PvLq+1jk="
    },
    "color-convert": {
      "version": "1.9.3",
      "resolved": "https://registry.npmjs.org/color-convert/-/color-convert-1.9.3.tgz",
      "integrity": "sha512-QfAUtd+vFdAtFQcC8CCyYt1fYWxSqAiK2cSD6zDB8N3cpsEBAvRxp9zOGg6G/SHHJYAT88/az/IuDGALsNVbGg==",
      "requires": {
        "color-name": "1.1.3"
      }
    },
    "color-name": {
      "version": "1.1.3",
      "resolved": "https://registry.npmjs.org/color-name/-/color-name-1.1.3.tgz",
      "integrity": "sha1-p9BVi9icQveV3UIyj3QIMcpTvCU="
    },
    "concat-map": {
      "version": "0.0.1",
      "resolved": "https://registry.npmjs.org/concat-map/-/concat-map-0.0.1.tgz",
      "integrity": "sha1-2Klr13/Wjfd5OnMDajug1UBdR3s="
    },
    "debug": {
      "version": "4.1.1",
      "resolved": "https://registry.npmjs.org/debug/-/debug-4.1.1.tgz",
      "integrity": "sha512-pYAIzeRo8J6KPEaJ0VWOh5Pzkbw/RetuzehGM7QRRX5he4fPHx2rdKMB256ehJCkX+XRQm16eZLqLNS8RSZXZw==",
      "requires": {
        "ms": "^2.1.1"
      }
    },
    "dotenv": {
      "version": "6.2.0",
      "resolved": "https://registry.npmjs.org/dotenv/-/dotenv-6.2.0.tgz",
      "integrity": "sha512-HygQCKUBSFl8wKQZBSemMywRWcEDNidvNbjGVyZu3nbZ8qq9ubiPoGLMdRDpfSrpkkm9BXYFkpKxxFX38o/76w=="
    },
    "escape-string-regexp": {
      "version": "1.0.5",
      "resolved": "https://registry.npmjs.org/escape-string-regexp/-/escape-string-regexp-1.0.5.tgz",
      "integrity": "sha1-G2HAViGQqN/2rjuyzwIAyhMLhtQ="
    },
    "fs.realpath": {
      "version": "1.0.0",
      "resolved": "https://registry.npmjs.org/fs.realpath/-/fs.realpath-1.0.0.tgz",
      "integrity": "sha1-FQStJSMVjKpA20onh8sBQRmU6k8="
    },
    "getopts": {
      "version": "2.2.4",
      "resolved": "https://registry.npmjs.org/getopts/-/getopts-2.2.4.tgz",
      "integrity": "sha512-Rz7DGyomZjrenu9Jx4qmzdlvJgvrEFHXHvjK0FcZtcTC1U5FmES7OdZHUwMuSnEE6QvBvwse1JODKj7TgbSEjQ=="
    },
    "glob": {
      "version": "7.1.3",
      "resolved": "https://registry.npmjs.org/glob/-/glob-7.1.3.tgz",
      "integrity": "sha512-vcfuiIxogLV4DlGBHIUOwI0IbrJ8HWPc4MU7HzviGeNho/UJDfi6B5p3sHeWIQ0KGIU0Jpxi5ZHxemQfLkkAwQ==",
      "requires": {
        "fs.realpath": "^1.0.0",
        "inflight": "^1.0.4",
        "inherits": "2",
        "minimatch": "^3.0.4",
        "once": "^1.3.0",
        "path-is-absolute": "^1.0.0"
      }
    },
    "global-or-local": {
      "version": "0.1.2",
      "resolved": "https://registry.npmjs.org/global-or-local/-/global-or-local-0.1.2.tgz",
      "integrity": "sha512-DYvEzR8tX/VcBqlrZIttp6H4XX2nGBc58iTjt85bU05kmowb+Yd4qPMjjiRpKNsfqgM/OxjyUtRzBn522co/zw=="
    },
    "has-flag": {
      "version": "3.0.0",
      "resolved": "https://registry.npmjs.org/has-flag/-/has-flag-3.0.0.tgz",
      "integrity": "sha1-tdRU3CGZriJWmfNGfloH87lVuv0="
    },
    "inflight": {
      "version": "1.0.6",
      "resolved": "https://registry.npmjs.org/inflight/-/inflight-1.0.6.tgz",
      "integrity": "sha1-Sb1jMdfQLQwJvJEKEHW6gWW1bfk=",
      "requires": {
        "once": "^1.3.0",
        "wrappy": "1"
      }
    },
    "inherits": {
      "version": "2.0.3",
      "resolved": "https://registry.npmjs.org/inherits/-/inherits-2.0.3.tgz",
      "integrity": "sha1-Yzwsg+PaQqUC9SRmAiSA9CCCYd4="
    },
    "log-pose": {
      "version": "0.3.4",
      "resolved": "https://registry.npmjs.org/log-pose/-/log-pose-0.3.4.tgz",
      "integrity": "sha512-c9rVKZjGzE62huqNwAJfN3Bi2dGwzexlIeXCNVRa/P3xXYg1YBhIhjdCdVmFDjPdKVeEavivLVMwVdyxMeBQUQ==",
      "requires": {
        "chalk": "^2.3.0",
        "cli-width": "^2.2.0",
        "pretty-ms": "^3.0.1"
      }
    },
    "minimatch": {
      "version": "3.0.4",
      "resolved": "https://registry.npmjs.org/minimatch/-/minimatch-3.0.4.tgz",
      "integrity": "sha512-yJHVQEhyqPLUTgt9B83PXu6W3rx4MvvHvSUvToogpwoGDOUQ+yDrR0HRot+yOCdCO7u4hX3pWft6kWBBcqh0UA==",
      "requires": {
        "brace-expansion": "^1.1.7"
      }
    },
    "ms": {
      "version": "2.1.1",
      "resolved": "https://registry.npmjs.org/ms/-/ms-2.1.1.tgz",
      "integrity": "sha512-tgp+dl5cGk28utYktBsrFqA7HKgrhgPsg6Z/EfhWI4gl1Hwq8B/GmY/0oXZ6nF8hDVesS/FpnYaD/kOWhYQvyg=="
    },
    "object-new": {
      "version": "0.4.0",
      "resolved": "https://registry.npmjs.org/object-new/-/object-new-0.4.0.tgz",
      "integrity": "sha512-JMMY/Qh/9S+oAkXI8YRUVVNnrCaxYlTHk1Jx+9LSIjR7vzMAfBbBnclS39GlnLi4yGafXluyn55yhPAUKdXRHg==",
      "requires": {
        "debug": "^4.1.0"
      }
    },
    "once": {
      "version": "1.4.0",
      "resolved": "https://registry.npmjs.org/once/-/once-1.4.0.tgz",
      "integrity": "sha1-WDsap3WWHUsROsF9nFC6753Xa9E=",
      "requires": {
        "wrappy": "1"
      }
    },
    "parse-ms": {
      "version": "1.0.1",
      "resolved": "https://registry.npmjs.org/parse-ms/-/parse-ms-1.0.1.tgz",
      "integrity": "sha1-VjRtR0nXjyNDDKDHE4UK75GqNh0="
    },
    "path-is-absolute": {
      "version": "1.0.1",
      "resolved": "https://registry.npmjs.org/path-is-absolute/-/path-is-absolute-1.0.1.tgz",
      "integrity": "sha1-F0uSaHNVNP+8es5r9TpanhtcX18="
    },
    "pretty-ms": {
      "version": "3.2.0",
      "resolved": "https://registry.npmjs.org/pretty-ms/-/pretty-ms-3.2.0.tgz",
      "integrity": "sha512-ZypexbfVUGTFxb0v+m1bUyy92DHe5SyYlnyY0msyms5zd3RwyvNgyxZZsXXgoyzlxjx5MiqtXUdhUfvQbe0A2Q==",
      "requires": {
        "parse-ms": "^1.0.0"
      }
    },
    "sastre": {
      "version": "0.2.0",
      "resolved": "https://registry.npmjs.org/sastre/-/sastre-0.2.0.tgz",
      "integrity": "sha512-qL38AltVGlFqKUGDqXbiry7gUd8qf/Wm8KR2xFOcvivURc2sYuIwH1eypTnsTLLhNvZVvArogmEVVnhtoOvIrg==",
      "requires": {
        "glob": "^7.1.2"
      }
    },
    "source-map": {
      "version": "0.6.1",
      "resolved": "https://registry.npmjs.org/source-map/-/source-map-0.6.1.tgz",
      "integrity": "sha512-UjgapumWlbMhkBgzT7Ykc5YXUT46F0iKu8SGXq0bcwP5dz/h0Plj6enJqjz1Zbq2l5WaqYnrVbwWOWMyF3F47g=="
    },
    "source-map-support": {
      "version": "0.5.11",
      "resolved": "https://registry.npmjs.org/source-map-support/-/source-map-support-0.5.11.tgz",
      "integrity": "sha512-//sajEx/fGL3iw6fltKMdPvy8kL3kJ2O3iuYlRoT3k9Kb4BjOoZ+BZzaNHeuaruSt+Kf3Zk9tnfAQg9/AJqUVQ==",
      "requires": {
        "buffer-from": "^1.0.0",
        "source-map": "^0.6.0"
      }
    },
    "supports-color": {
      "version": "5.5.0",
      "resolved": "https://registry.npmjs.org/supports-color/-/supports-color-5.5.0.tgz",
      "integrity": "sha512-QjVjwdXIt408MIiAqCX4oUKsgU2EqAGzs2Ppkm4aQYbjm+ZEWEcW4SfFNTr4uMNZma0ey4f5lgLrkB0aX0QMow==",
      "requires": {
        "has-flag": "^3.0.0"
      }
    },
    "wargs": {
      "version": "0.8.2",
      "resolved": "https://registry.npmjs.org/wargs/-/wargs-0.8.2.tgz",
      "integrity": "sha512-bd2k/hWjKucCserTpTk+IKCNlnadOPHMaq5JB32xiyIsOao3HaUTMUGOIpMHoakf3Zt2HbdE21KMYITIFQyI+Q==",
      "requires": {
        "getopts": "^2.0.0"
      }
    },
    "wrappy": {
      "version": "1.0.2",
      "resolved": "https://registry.npmjs.org/wrappy/-/wrappy-1.0.2.tgz",
      "integrity": "sha1-tSQ9jz7BqjXxNkYFvA0QNuMKtp8="
    }
  }
}
